// !$*UTF8*$!
{
	archiveVersion = 1;
	classes = {
	};
	objectVersion = 46;
	objects = {

/* Begin PBXBuildFile section */
		DB4F66F91F4D54EE004BF51F /* main.m in Sources */ = {isa = PBXBuildFile; fileRef = DB4F66F81F4D54EE004BF51F /* main.m */; };
		DB4F66FC1F4D54EE004BF51F /* AppDelegate.m in Sources */ = {isa = PBXBuildFile; fileRef = DB4F66FB1F4D54EE004BF51F /* AppDelegate.m */; };
		DB4F66FF1F4D54EE004BF51F /* ViewController.m in Sources */ = {isa = PBXBuildFile; fileRef = DB4F66FE1F4D54EE004BF51F /* ViewController.m */; };
		DB4F67021F4D54EE004BF51F /* Main.storyboard in Resources */ = {isa = PBXBuildFile; fileRef = DB4F67001F4D54EE004BF51F /* Main.storyboard */; };
		DB4F67041F4D54EE004BF51F /* Assets.xcassets in Resources */ = {isa = PBXBuildFile; fileRef = DB4F67031F4D54EE004BF51F /* Assets.xcassets */; };
		DB4F67071F4D54EE004BF51F /* LaunchScreen.storyboard in Resources */ = {isa = PBXBuildFile; fileRef = DB4F67051F4D54EE004BF51F /* LaunchScreen.storyboard */; };
		DB4F67121F4D54EF004BF51F /* TestPopGestureSolution6Tests.m in Sources */ = {isa = PBXBuildFile; fileRef = DB4F67111F4D54EF004BF51F /* TestPopGestureSolution6Tests.m */; };
		DB4F671D1F4D54EF004BF51F /* TestPopGestureSolution6UITests.m in Sources */ = {isa = PBXBuildFile; fileRef = DB4F671C1F4D54EF004BF51F /* TestPopGestureSolution6UITests.m */; };
		DB4F67561F4D55E8004BF51F /* LHHideNav1ViewController.m in Sources */ = {isa = PBXBuildFile; fileRef = DB4F672C1F4D55E8004BF51F /* LHHideNav1ViewController.m */; };
		DB4F67571F4D55E8004BF51F /* LHHideNav2ViewController.m in Sources */ = {isa = PBXBuildFile; fileRef = DB4F672E1F4D55E8004BF51F /* LHHideNav2ViewController.m */; };
		DB4F67581F4D55E8004BF51F /* LHShowNav1ViewController.m in Sources */ = {isa = PBXBuildFile; fileRef = DB4F67301F4D55E8004BF51F /* LHShowNav1ViewController.m */; };
		DB4F67591F4D55E8004BF51F /* LHShowNav2ViewController.m in Sources */ = {isa = PBXBuildFile; fileRef = DB4F67321F4D55E8004BF51F /* LHShowNav2ViewController.m */; };
		DB4F675A1F4D55E8004BF51F /* UINavigationController+FDFullscreenPopGesture.m in Sources */ = {isa = PBXBuildFile; fileRef = DB4F67361F4D55E8004BF51F /* UINavigationController+FDFullscreenPopGesture.m */; };
		DB4F675B1F4D55E8004BF51F /* UINavigationController+TZPopGesture.m in Sources */ = {isa = PBXBuildFile; fileRef = DB4F67391F4D55E8004BF51F /* UINavigationController+TZPopGesture.m */; };
		DB4F675C1F4D55E8004BF51F /* LHNavigationController.m in Sources */ = {isa = PBXBuildFile; fileRef = DB4F673C1F4D55E8004BF51F /* LHNavigationController.m */; };
		DB4F675D1F4D55E8004BF51F /* CellModel.m in Sources */ = {isa = PBXBuildFile; fileRef = DB4F673F1F4D55E8004BF51F /* CellModel.m */; };
		DB4F675E1F4D55E8004BF51F /* LHBaseViewController.m in Sources */ = {isa = PBXBuildFile; fileRef = DB4F67411F4D55E8004BF51F /* LHBaseViewController.m */; };
		DB4F675F1F4D55E8004BF51F /* LHClassifyViewController.m in Sources */ = {isa = PBXBuildFile; fileRef = DB4F67431F4D55E8004BF51F /* LHClassifyViewController.m */; };
		DB4F67601F4D55E8004BF51F /* LHFriendsViewController.m in Sources */ = {isa = PBXBuildFile; fileRef = DB4F67451F4D55E8004BF51F /* LHFriendsViewController.m */; };
		DB4F67611F4D55E8004BF51F /* LHHomeViewController.m in Sources */ = {isa = PBXBuildFile; fileRef = DB4F67471F4D55E8004BF51F /* LHHomeViewController.m */; };
		DB4F67621F4D55E8004BF51F /* LHMineViewController.m in Sources */ = {isa = PBXBuildFile; fileRef = DB4F67491F4D55E8004BF51F /* LHMineViewController.m */; };
		DB4F67631F4D55E8004BF51F /* TZCollectionViewController.m in Sources */ = {isa = PBXBuildFile; fileRef = DB4F674C1F4D55E8004BF51F /* TZCollectionViewController.m */; };
		DB4F67641F4D55E8004BF51F /* TZMapViewController.m in Sources */ = {isa = PBXBuildFile; fileRef = DB4F674E1F4D55E8004BF51F /* TZMapViewController.m */; };
		DB4F67651F4D55E8004BF51F /* TZPageViewController.m in Sources */ = {isa = PBXBuildFile; fileRef = DB4F67501F4D55E8004BF51F /* TZPageViewController.m */; };
		DB4F67661F4D55E8004BF51F /* TZScrollViewController.m in Sources */ = {isa = PBXBuildFile; fileRef = DB4F67521F4D55E8004BF51F /* TZScrollViewController.m */; };
		DB4F67671F4D55E8004BF51F /* LHMainViewController.m in Sources */ = {isa = PBXBuildFile; fileRef = DB4F67551F4D55E8004BF51F /* LHMainViewController.m */; };
/* End PBXBuildFile section */

/* Begin PBXContainerItemProxy section */
		DB4F670E1F4D54EF004BF51F /* PBXContainerItemProxy */ = {
			isa = PBXContainerItemProxy;
			containerPortal = DB4F66EC1F4D54EE004BF51F /* Project object */;
			proxyType = 1;
			remoteGlobalIDString = DB4F66F31F4D54EE004BF51F;
			remoteInfo = TestPopGestureSolution6;
		};
		DB4F67191F4D54EF004BF51F /* PBXContainerItemProxy */ = {
			isa = PBXContainerItemProxy;
			containerPortal = DB4F66EC1F4D54EE004BF51F /* Project object */;
			proxyType = 1;
			remoteGlobalIDString = DB4F66F31F4D54EE004BF51F;
			remoteInfo = TestPopGestureSolution6;
		};
/* End PBXContainerItemProxy section */

/* Begin PBXFileReference section */
		DB4F66F41F4D54EE004BF51F /* TestPopGestureSolution6.app */ = {isa = PBXFileReference; explicitFileType = wrapper.application; includeInIndex = 0; path = TestPopGestureSolution6.app; sourceTree = BUILT_PRODUCTS_DIR; };
		DB4F66F81F4D54EE004BF51F /* main.m */ = {isa = PBXFileReference; lastKnownFileType = sourcecode.c.objc; path = main.m; sourceTree = "<group>"; };
		DB4F66FA1F4D54EE004BF51F /* AppDelegate.h */ = {isa = PBXFileReference; lastKnownFileType = sourcecode.c.h; path = AppDelegate.h; sourceTree = "<group>"; };
		DB4F66FB1F4D54EE004BF51F /* AppDelegate.m */ = {isa = PBXFileReference; lastKnownFileType = sourcecode.c.objc; path = AppDelegate.m; sourceTree = "<group>"; };
		DB4F66FD1F4D54EE004BF51F /* ViewController.h */ = {isa = PBXFileReference; lastKnownFileType = sourcecode.c.h; path = ViewController.h; sourceTree = "<group>"; };
		DB4F66FE1F4D54EE004BF51F /* ViewController.m */ = {isa = PBXFileReference; lastKnownFileType = sourcecode.c.objc; path = ViewController.m; sourceTree = "<group>"; };
		DB4F67011F4D54EE004BF51F /* Base */ = {isa = PBXFileReference; lastKnownFileType = file.storyboard; name = Base; path = Base.lproj/Main.storyboard; sourceTree = "<group>"; };
		DB4F67031F4D54EE004BF51F /* Assets.xcassets */ = {isa = PBXFileReference; lastKnownFileType = folder.assetcatalog; path = Assets.xcassets; sourceTree = "<group>"; };
		DB4F67061F4D54EE004BF51F /* Base */ = {isa = PBXFileReference; lastKnownFileType = file.storyboard; name = Base; path = Base.lproj/LaunchScreen.storyboard; sourceTree = "<group>"; };
		DB4F67081F4D54EE004BF51F /* Info.plist */ = {isa = PBXFileReference; lastKnownFileType = text.plist.xml; path = Info.plist; sourceTree = "<group>"; };
		DB4F670D1F4D54EF004BF51F /* TestPopGestureSolution6Tests.xctest */ = {isa = PBXFileReference; explicitFileType = wrapper.cfbundle; includeInIndex = 0; path = TestPopGestureSolution6Tests.xctest; sourceTree = BUILT_PRODUCTS_DIR; };
		DB4F67111F4D54EF004BF51F /* TestPopGestureSolution6Tests.m */ = {isa = PBXFileReference; lastKnownFileType = sourcecode.c.objc; path = TestPopGestureSolution6Tests.m; sourceTree = "<group>"; };
		DB4F67131F4D54EF004BF51F /* Info.plist */ = {isa = PBXFileReference; lastKnownFileType = text.plist.xml; path = Info.plist; sourceTree = "<group>"; };
		DB4F67181F4D54EF004BF51F /* TestPopGestureSolution6UITests.xctest */ = {isa = PBXFileReference; explicitFileType = wrapper.cfbundle; includeInIndex = 0; path = TestPopGestureSolution6UITests.xctest; sourceTree = BUILT_PRODUCTS_DIR; };
		DB4F671C1F4D54EF004BF51F /* TestPopGestureSolution6UITests.m */ = {isa = PBXFileReference; lastKnownFileType = sourcecode.c.objc; path = TestPopGestureSolution6UITests.m; sourceTree = "<group>"; };
		DB4F671E1F4D54EF004BF51F /* Info.plist */ = {isa = PBXFileReference; lastKnownFileType = text.plist.xml; path = Info.plist; sourceTree = "<group>"; };
		DB4F672B1F4D55E8004BF51F /* LHHideNav1ViewController.h */ = {isa = PBXFileReference; fileEncoding = 4; lastKnownFileType = sourcecode.c.h; path = LHHideNav1ViewController.h; sourceTree = "<group>"; };
		DB4F672C1F4D55E8004BF51F /* LHHideNav1ViewController.m */ = {isa = PBXFileReference; fileEncoding = 4; lastKnownFileType = sourcecode.c.objc; path = LHHideNav1ViewController.m; sourceTree = "<group>"; };
		DB4F672D1F4D55E8004BF51F /* LHHideNav2ViewController.h */ = {isa = PBXFileReference; fileEncoding = 4; lastKnownFileType = sourcecode.c.h; path = LHHideNav2ViewController.h; sourceTree = "<group>"; };
		DB4F672E1F4D55E8004BF51F /* LHHideNav2ViewController.m */ = {isa = PBXFileReference; fileEncoding = 4; lastKnownFileType = sourcecode.c.objc; path = LHHideNav2ViewController.m; sourceTree = "<group>"; };
		DB4F672F1F4D55E8004BF51F /* LHShowNav1ViewController.h */ = {isa = PBXFileReference; fileEncoding = 4; lastKnownFileType = sourcecode.c.h; path = LHShowNav1ViewController.h; sourceTree = "<group>"; };
		DB4F67301F4D55E8004BF51F /* LHShowNav1ViewController.m */ = {isa = PBXFileReference; fileEncoding = 4; lastKnownFileType = sourcecode.c.objc; path = LHShowNav1ViewController.m; sourceTree = "<group>"; };
		DB4F67311F4D55E8004BF51F /* LHShowNav2ViewController.h */ = {isa = PBXFileReference; fileEncoding = 4; lastKnownFileType = sourcecode.c.h; path = LHShowNav2ViewController.h; sourceTree = "<group>"; };
		DB4F67321F4D55E8004BF51F /* LHShowNav2ViewController.m */ = {isa = PBXFileReference; fileEncoding = 4; lastKnownFileType = sourcecode.c.objc; path = LHShowNav2ViewController.m; sourceTree = "<group>"; };
		DB4F67351F4D55E8004BF51F /* UINavigationController+FDFullscreenPopGesture.h */ = {isa = PBXFileReference; fileEncoding = 4; lastKnownFileType = sourcecode.c.h; path = "UINavigationController+FDFullscreenPopGesture.h"; sourceTree = "<group>"; };
		DB4F67361F4D55E8004BF51F /* UINavigationController+FDFullscreenPopGesture.m */ = {isa = PBXFileReference; fileEncoding = 4; lastKnownFileType = sourcecode.c.objc; path = "UINavigationController+FDFullscreenPopGesture.m"; sourceTree = "<group>"; };
		DB4F67381F4D55E8004BF51F /* UINavigationController+TZPopGesture.h */ = {isa = PBXFileReference; fileEncoding = 4; lastKnownFileType = sourcecode.c.h; path = "UINavigationController+TZPopGesture.h"; sourceTree = "<group>"; };
		DB4F67391F4D55E8004BF51F /* UINavigationController+TZPopGesture.m */ = {isa = PBXFileReference; fileEncoding = 4; lastKnownFileType = sourcecode.c.objc; path = "UINavigationController+TZPopGesture.m"; sourceTree = "<group>"; };
		DB4F673B1F4D55E8004BF51F /* LHNavigationController.h */ = {isa = PBXFileReference; fileEncoding = 4; lastKnownFileType = sourcecode.c.h; path = LHNavigationController.h; sourceTree = "<group>"; };
		DB4F673C1F4D55E8004BF51F /* LHNavigationController.m */ = {isa = PBXFileReference; fileEncoding = 4; lastKnownFileType = sourcecode.c.objc; path = LHNavigationController.m; sourceTree = "<group>"; };
		DB4F673E1F4D55E8004BF51F /* CellModel.h */ = {isa = PBXFileReference; fileEncoding = 4; lastKnownFileType = sourcecode.c.h; path = CellModel.h; sourceTree = "<group>"; };
		DB4F673F1F4D55E8004BF51F /* CellModel.m */ = {isa = PBXFileReference; fileEncoding = 4; lastKnownFileType = sourcecode.c.objc; path = CellModel.m; sourceTree = "<group>"; };
		DB4F67401F4D55E8004BF51F /* LHBaseViewController.h */ = {isa = PBXFileReference; fileEncoding = 4; lastKnownFileType = sourcecode.c.h; path = LHBaseViewController.h; sourceTree = "<group>"; };
		DB4F67411F4D55E8004BF51F /* LHBaseViewController.m */ = {isa = PBXFileReference; fileEncoding = 4; lastKnownFileType = sourcecode.c.objc; path = LHBaseViewController.m; sourceTree = "<group>"; };
		DB4F67421F4D55E8004BF51F /* LHClassifyViewController.h */ = {isa = PBXFileReference; fileEncoding = 4; lastKnownFileType = sourcecode.c.h; path = LHClassifyViewController.h; sourceTree = "<group>"; };
		DB4F67431F4D55E8004BF51F /* LHClassifyViewController.m */ = {isa = PBXFileReference; fileEncoding = 4; lastKnownFileType = sourcecode.c.objc; path = LHClassifyViewController.m; sourceTree = "<group>"; };
		DB4F67441F4D55E8004BF51F /* LHFriendsViewController.h */ = {isa = PBXFileReference; fileEncoding = 4; lastKnownFileType = sourcecode.c.h; path = LHFriendsViewController.h; sourceTree = "<group>"; };
		DB4F67451F4D55E8004BF51F /* LHFriendsViewController.m */ = {isa = PBXFileReference; fileEncoding = 4; lastKnownFileType = sourcecode.c.objc; path = LHFriendsViewController.m; sourceTree = "<group>"; };
		DB4F67461F4D55E8004BF51F /* LHHomeViewController.h */ = {isa = PBXFileReference; fileEncoding = 4; lastKnownFileType = sourcecode.c.h; path = LHHomeViewController.h; sourceTree = "<group>"; };
		DB4F67471F4D55E8004BF51F /* LHHomeViewController.m */ = {isa = PBXFileReference; fileEncoding = 4; lastKnownFileType = sourcecode.c.objc; path = LHHomeViewController.m; sourceTree = "<group>"; };
		DB4F67481F4D55E8004BF51F /* LHMineViewController.h */ = {isa = PBXFileReference; fileEncoding = 4; lastKnownFileType = sourcecode.c.h; path = LHMineViewController.h; sourceTree = "<group>"; };
		DB4F67491F4D55E8004BF51F /* LHMineViewController.m */ = {isa = PBXFileReference; fileEncoding = 4; lastKnownFileType = sourcecode.c.objc; path = LHMineViewController.m; sourceTree = "<group>"; };
		DB4F674B1F4D55E8004BF51F /* TZCollectionViewController.h */ = {isa = PBXFileReference; fileEncoding = 4; lastKnownFileType = sourcecode.c.h; path = TZCollectionViewController.h; sourceTree = "<group>"; };
		DB4F674C1F4D55E8004BF51F /* TZCollectionViewController.m */ = {isa = PBXFileReference; fileEncoding = 4; lastKnownFileType = sourcecode.c.objc; path = TZCollectionViewController.m; sourceTree = "<group>"; };
		DB4F674D1F4D55E8004BF51F /* TZMapViewController.h */ = {isa = PBXFileReference; fileEncoding = 4; lastKnownFileType = sourcecode.c.h; path = TZMapViewController.h; sourceTree = "<group>"; };
		DB4F674E1F4D55E8004BF51F /* TZMapViewController.m */ = {isa = PBXFileReference; fileEncoding = 4; lastKnownFileType = sourcecode.c.objc; path = TZMapViewController.m; sourceTree = "<group>"; };
		DB4F674F1F4D55E8004BF51F /* TZPageViewController.h */ = {isa = PBXFileReference; fileEncoding = 4; lastKnownFileType = sourcecode.c.h; path = TZPageViewController.h; sourceTree = "<group>"; };
		DB4F67501F4D55E8004BF51F /* TZPageViewController.m */ = {isa = PBXFileReference; fileEncoding = 4; lastKnownFileType = sourcecode.c.objc; path = TZPageViewController.m; sourceTree = "<group>"; };
		DB4F67511F4D55E8004BF51F /* TZScrollViewController.h */ = {isa = PBXFileReference; fileEncoding = 4; lastKnownFileType = sourcecode.c.h; path = TZScrollViewController.h; sourceTree = "<group>"; };
		DB4F67521F4D55E8004BF51F /* TZScrollViewController.m */ = {isa = PBXFileReference; fileEncoding = 4; lastKnownFileType = sourcecode.c.objc; path = TZScrollViewController.m; sourceTree = "<group>"; };
		DB4F67541F4D55E8004BF51F /* LHMainViewController.h */ = {isa = PBXFileReference; fileEncoding = 4; lastKnownFileType = sourcecode.c.h; path = LHMainViewController.h; sourceTree = "<group>"; };
		DB4F67551F4D55E8004BF51F /* LHMainViewController.m */ = {isa = PBXFileReference; fileEncoding = 4; lastKnownFileType = sourcecode.c.objc; path = LHMainViewController.m; sourceTree = "<group>"; };
/* End PBXFileReference section */

/* Begin PBXFrameworksBuildPhase section */
		DB4F66F11F4D54EE004BF51F /* Frameworks */ = {
			isa = PBXFrameworksBuildPhase;
			buildActionMask = 2147483647;
			files = (
			);
			runOnlyForDeploymentPostprocessing = 0;
		};
		DB4F670A1F4D54EF004BF51F /* Frameworks */ = {
			isa = PBXFrameworksBuildPhase;
			buildActionMask = 2147483647;
			files = (
			);
			runOnlyForDeploymentPostprocessing = 0;
		};
		DB4F67151F4D54EF004BF51F /* Frameworks */ = {
			isa = PBXFrameworksBuildPhase;
			buildActionMask = 2147483647;
			files = (
			);
			runOnlyForDeploymentPostprocessing = 0;
		};
/* End PBXFrameworksBuildPhase section */

/* Begin PBXGroup section */
		DB4F66EB1F4D54EE004BF51F = {
			isa = PBXGroup;
			children = (
				DB4F66F61F4D54EE004BF51F /* TestPopGestureSolution6 */,
				DB4F67101F4D54EF004BF51F /* TestPopGestureSolution6Tests */,
				DB4F671B1F4D54EF004BF51F /* TestPopGestureSolution6UITests */,
				DB4F66F51F4D54EE004BF51F /* Products */,
			);
			sourceTree = "<group>";
		};
		DB4F66F51F4D54EE004BF51F /* Products */ = {
			isa = PBXGroup;
			children = (
				DB4F66F41F4D54EE004BF51F /* TestPopGestureSolution6.app */,
				DB4F670D1F4D54EF004BF51F /* TestPopGestureSolution6Tests.xctest */,
				DB4F67181F4D54EF004BF51F /* TestPopGestureSolution6UITests.xctest */,
			);
			name = Products;
			sourceTree = "<group>";
		};
		DB4F66F61F4D54EE004BF51F /* TestPopGestureSolution6 */ = {
			isa = PBXGroup;
			children = (
				DB4F672A1F4D55E8004BF51F /* HideNav */,
				DB4F67331F4D55E8004BF51F /* Libs */,
				DB4F673A1F4D55E8004BF51F /* Nav */,
				DB4F673D1F4D55E8004BF51F /* Other */,
				DB4F674A1F4D55E8004BF51F /* scrollView */,
				DB4F67531F4D55E8004BF51F /* Tab */,
				DB4F66FA1F4D54EE004BF51F /* AppDelegate.h */,
				DB4F66FB1F4D54EE004BF51F /* AppDelegate.m */,
				DB4F66FD1F4D54EE004BF51F /* ViewController.h */,
				DB4F66FE1F4D54EE004BF51F /* ViewController.m */,
				DB4F67001F4D54EE004BF51F /* Main.storyboard */,
				DB4F67031F4D54EE004BF51F /* Assets.xcassets */,
				DB4F67051F4D54EE004BF51F /* LaunchScreen.storyboard */,
				DB4F67081F4D54EE004BF51F /* Info.plist */,
				DB4F66F71F4D54EE004BF51F /* Supporting Files */,
			);
			path = TestPopGestureSolution6;
			sourceTree = "<group>";
		};
		DB4F66F71F4D54EE004BF51F /* Supporting Files */ = {
			isa = PBXGroup;
			children = (
				DB4F66F81F4D54EE004BF51F /* main.m */,
			);
			name = "Supporting Files";
			sourceTree = "<group>";
		};
		DB4F67101F4D54EF004BF51F /* TestPopGestureSolution6Tests */ = {
			isa = PBXGroup;
			children = (
				DB4F67111F4D54EF004BF51F /* TestPopGestureSolution6Tests.m */,
				DB4F67131F4D54EF004BF51F /* Info.plist */,
			);
			path = TestPopGestureSolution6Tests;
			sourceTree = "<group>";
		};
		DB4F671B1F4D54EF004BF51F /* TestPopGestureSolution6UITests */ = {
			isa = PBXGroup;
			children = (
				DB4F671C1F4D54EF004BF51F /* TestPopGestureSolution6UITests.m */,
				DB4F671E1F4D54EF004BF51F /* Info.plist */,
			);
			path = TestPopGestureSolution6UITests;
			sourceTree = "<group>";
		};
		DB4F672A1F4D55E8004BF51F /* HideNav */ = {
			isa = PBXGroup;
			children = (
				DB4F672B1F4D55E8004BF51F /* LHHideNav1ViewController.h */,
				DB4F672C1F4D55E8004BF51F /* LHHideNav1ViewController.m */,
				DB4F672D1F4D55E8004BF51F /* LHHideNav2ViewController.h */,
				DB4F672E1F4D55E8004BF51F /* LHHideNav2ViewController.m */,
				DB4F672F1F4D55E8004BF51F /* LHShowNav1ViewController.h */,
				DB4F67301F4D55E8004BF51F /* LHShowNav1ViewController.m */,
				DB4F67311F4D55E8004BF51F /* LHShowNav2ViewController.h */,
				DB4F67321F4D55E8004BF51F /* LHShowNav2ViewController.m */,
			);
			path = HideNav;
			sourceTree = "<group>";
		};
		DB4F67331F4D55E8004BF51F /* Libs */ = {
			isa = PBXGroup;
			children = (
				DB4F67341F4D55E8004BF51F /* FDFullscreenPopGesture */,
				DB4F67371F4D55E8004BF51F /* TZScrollViewPopGesture */,
			);
			path = Libs;
			sourceTree = "<group>";
		};
		DB4F67341F4D55E8004BF51F /* FDFullscreenPopGesture */ = {
			isa = PBXGroup;
			children = (
				DB4F67351F4D55E8004BF51F /* UINavigationController+FDFullscreenPopGesture.h */,
				DB4F67361F4D55E8004BF51F /* UINavigationController+FDFullscreenPopGesture.m */,
			);
			path = FDFullscreenPopGesture;
			sourceTree = "<group>";
		};
		DB4F67371F4D55E8004BF51F /* TZScrollViewPopGesture */ = {
			isa = PBXGroup;
			children = (
				DB4F67381F4D55E8004BF51F /* UINavigationController+TZPopGesture.h */,
				DB4F67391F4D55E8004BF51F /* UINavigationController+TZPopGesture.m */,
			);
			path = TZScrollViewPopGesture;
			sourceTree = "<group>";
		};
		DB4F673A1F4D55E8004BF51F /* Nav */ = {
			isa = PBXGroup;
			children = (
				DB4F673B1F4D55E8004BF51F /* LHNavigationController.h */,
				DB4F673C1F4D55E8004BF51F /* LHNavigationController.m */,
			);
			path = Nav;
			sourceTree = "<group>";
		};
		DB4F673D1F4D55E8004BF51F /* Other */ = {
			isa = PBXGroup;
			children = (
				DB4F673E1F4D55E8004BF51F /* CellModel.h */,
				DB4F673F1F4D55E8004BF51F /* CellModel.m */,
				DB4F67401F4D55E8004BF51F /* LHBaseViewController.h */,
				DB4F67411F4D55E8004BF51F /* LHBaseViewController.m */,
				DB4F67461F4D55E8004BF51F /* LHHomeViewController.h */,
				DB4F67471F4D55E8004BF51F /* LHHomeViewController.m */,
				DB4F67441F4D55E8004BF51F /* LHFriendsViewController.h */,
				DB4F67451F4D55E8004BF51F /* LHFriendsViewController.m */,
				DB4F67421F4D55E8004BF51F /* LHClassifyViewController.h */,
				DB4F67431F4D55E8004BF51F /* LHClassifyViewController.m */,
				DB4F67481F4D55E8004BF51F /* LHMineViewController.h */,
				DB4F67491F4D55E8004BF51F /* LHMineViewController.m */,
			);
			path = Other;
			sourceTree = "<group>";
		};
		DB4F674A1F4D55E8004BF51F /* scrollView */ = {
			isa = PBXGroup;
			children = (
				DB4F674B1F4D55E8004BF51F /* TZCollectionViewController.h */,
				DB4F674C1F4D55E8004BF51F /* TZCollectionViewController.m */,
				DB4F674D1F4D55E8004BF51F /* TZMapViewController.h */,
				DB4F674E1F4D55E8004BF51F /* TZMapViewController.m */,
				DB4F674F1F4D55E8004BF51F /* TZPageViewController.h */,
				DB4F67501F4D55E8004BF51F /* TZPageViewController.m */,
				DB4F67511F4D55E8004BF51F /* TZScrollViewController.h */,
				DB4F67521F4D55E8004BF51F /* TZScrollViewController.m */,
			);
			path = scrollView;
			sourceTree = "<group>";
		};
		DB4F67531F4D55E8004BF51F /* Tab */ = {
			isa = PBXGroup;
			children = (
				DB4F67541F4D55E8004BF51F /* LHMainViewController.h */,
				DB4F67551F4D55E8004BF51F /* LHMainViewController.m */,
			);
			path = Tab;
			sourceTree = "<group>";
		};
/* End PBXGroup section */

/* Begin PBXNativeTarget section */
		DB4F66F31F4D54EE004BF51F /* TestPopGestureSolution6 */ = {
			isa = PBXNativeTarget;
			buildConfigurationList = DB4F67211F4D54EF004BF51F /* Build configuration list for PBXNativeTarget "TestPopGestureSolution6" */;
			buildPhases = (
				DB4F66F01F4D54EE004BF51F /* Sources */,
				DB4F66F11F4D54EE004BF51F /* Frameworks */,
				DB4F66F21F4D54EE004BF51F /* Resources */,
			);
			buildRules = (
			);
			dependencies = (
			);
			name = TestPopGestureSolution6;
			productName = TestPopGestureSolution6;
			productReference = DB4F66F41F4D54EE004BF51F /* TestPopGestureSolution6.app */;
			productType = "com.apple.product-type.application";
		};
		DB4F670C1F4D54EF004BF51F /* TestPopGestureSolution6Tests */ = {
			isa = PBXNativeTarget;
			buildConfigurationList = DB4F67241F4D54EF004BF51F /* Build configuration list for PBXNativeTarget "TestPopGestureSolution6Tests" */;
			buildPhases = (
				DB4F67091F4D54EF004BF51F /* Sources */,
				DB4F670A1F4D54EF004BF51F /* Frameworks */,
				DB4F670B1F4D54EF004BF51F /* Resources */,
			);
			buildRules = (
			);
			dependencies = (
				DB4F670F1F4D54EF004BF51F /* PBXTargetDependency */,
			);
			name = TestPopGestureSolution6Tests;
			productName = TestPopGestureSolution6Tests;
			productReference = DB4F670D1F4D54EF004BF51F /* TestPopGestureSolution6Tests.xctest */;
			productType = "com.apple.product-type.bundle.unit-test";
		};
		DB4F67171F4D54EF004BF51F /* TestPopGestureSolution6UITests */ = {
			isa = PBXNativeTarget;
			buildConfigurationList = DB4F67271F4D54EF004BF51F /* Build configuration list for PBXNativeTarget "TestPopGestureSolution6UITests" */;
			buildPhases = (
				DB4F67141F4D54EF004BF51F /* Sources */,
				DB4F67151F4D54EF004BF51F /* Frameworks */,
				DB4F67161F4D54EF004BF51F /* Resources */,
			);
			buildRules = (
			);
			dependencies = (
				DB4F671A1F4D54EF004BF51F /* PBXTargetDependency */,
			);
			name = TestPopGestureSolution6UITests;
			productName = TestPopGestureSolution6UITests;
			productReference = DB4F67181F4D54EF004BF51F /* TestPopGestureSolution6UITests.xctest */;
			productType = "com.apple.product-type.bundle.ui-testing";
		};
/* End PBXNativeTarget section */

/* Begin PBXProject section */
		DB4F66EC1F4D54EE004BF51F /* Project object */ = {
			isa = PBXProject;
			attributes = {
				LastUpgradeCheck = 0830;
				ORGANIZATIONNAME = zqq;
				TargetAttributes = {
					DB4F66F31F4D54EE004BF51F = {
						CreatedOnToolsVersion = 8.3.2;
						ProvisioningStyle = Automatic;
					};
					DB4F670C1F4D54EF004BF51F = {
						CreatedOnToolsVersion = 8.3.2;
						ProvisioningStyle = Automatic;
						TestTargetID = DB4F66F31F4D54EE004BF51F;
					};
					DB4F67171F4D54EF004BF51F = {
						CreatedOnToolsVersion = 8.3.2;
						ProvisioningStyle = Automatic;
						TestTargetID = DB4F66F31F4D54EE004BF51F;
					};
				};
			};
			buildConfigurationList = DB4F66EF1F4D54EE004BF51F /* Build configuration list for PBXProject "TestPopGestureSolution6" */;
			compatibilityVersion = "Xcode 3.2";
			developmentRegion = English;
			hasScannedForEncodings = 0;
			knownRegions = (
				en,
				Base,
			);
			mainGroup = DB4F66EB1F4D54EE004BF51F;
			productRefGroup = DB4F66F51F4D54EE004BF51F /* Products */;
			projectDirPath = "";
			projectRoot = "";
			targets = (
				DB4F66F31F4D54EE004BF51F /* TestPopGestureSolution6 */,
				DB4F670C1F4D54EF004BF51F /* TestPopGestureSolution6Tests */,
				DB4F67171F4D54EF004BF51F /* TestPopGestureSolution6UITests */,
			);
		};
/* End PBXProject section */

/* Begin PBXResourcesBuildPhase section */
		DB4F66F21F4D54EE004BF51F /* Resources */ = {
			isa = PBXResourcesBuildPhase;
			buildActionMask = 2147483647;
			files = (
				DB4F67071F4D54EE004BF51F /* LaunchScreen.storyboard in Resources */,
				DB4F67041F4D54EE004BF51F /* Assets.xcassets in Resources */,
				DB4F67021F4D54EE004BF51F /* Main.storyboard in Resources */,
			);
			runOnlyForDeploymentPostprocessing = 0;
		};
		DB4F670B1F4D54EF004BF51F /* Resources */ = {
			isa = PBXResourcesBuildPhase;
			buildActionMask = 2147483647;
			files = (
			);
			runOnlyForDeploymentPostprocessing = 0;
		};
		DB4F67161F4D54EF004BF51F /* Resources */ = {
			isa = PBXResourcesBuildPhase;
			buildActionMask = 2147483647;
			files = (
			);
			runOnlyForDeploymentPostprocessing = 0;
		};
/* End PBXResourcesBuildPhase section */

/* Begin PBXSourcesBuildPhase section */
		DB4F66F01F4D54EE004BF51F /* Sources */ = {
			isa = PBXSourcesBuildPhase;
			buildActionMask = 2147483647;
			files = (
				DB4F67591F4D55E8004BF51F /* LHShowNav2ViewController.m in Sources */,
				DB4F675D1F4D55E8004BF51F /* CellModel.m in Sources */,
				DB4F67601F4D55E8004BF51F /* LHFriendsViewController.m in Sources */,
				DB4F675C1F4D55E8004BF51F /* LHNavigationController.m in Sources */,
				DB4F67651F4D55E8004BF51F /* TZPageViewController.m in Sources */,
				DB4F675E1F4D55E8004BF51F /* LHBaseViewController.m in Sources */,
				DB4F67631F4D55E8004BF51F /* TZCollectionViewController.m in Sources */,
				DB4F67561F4D55E8004BF51F /* LHHideNav1ViewController.m in Sources */,
				DB4F675A1F4D55E8004BF51F /* UINavigationController+FDFullscreenPopGesture.m in Sources */,
				DB4F66FF1F4D54EE004BF51F /* ViewController.m in Sources */,
				DB4F66FC1F4D54EE004BF51F /* AppDelegate.m in Sources */,
				DB4F67581F4D55E8004BF51F /* LHShowNav1ViewController.m in Sources */,
				DB4F67641F4D55E8004BF51F /* TZMapViewController.m in Sources */,
				DB4F67571F4D55E8004BF51F /* LHHideNav2ViewController.m in Sources */,
				DB4F67671F4D55E8004BF51F /* LHMainViewController.m in Sources */,
				DB4F675F1F4D55E8004BF51F /* LHClassifyViewController.m in Sources */,
				DB4F66F91F4D54EE004BF51F /* main.m in Sources */,
				DB4F67621F4D55E8004BF51F /* LHMineViewController.m in Sources */,
				DB4F675B1F4D55E8004BF51F /* UINavigationController+TZPopGesture.m in Sources */,
				DB4F67611F4D55E8004BF51F /* LHHomeViewController.m in Sources */,
				DB4F67661F4D55E8004BF51F /* TZScrollViewController.m in Sources */,
			);
			runOnlyForDeploymentPostprocessing = 0;
		};
		DB4F67091F4D54EF004BF51F /* Sources */ = {
			isa = PBXSourcesBuildPhase;
			buildActionMask = 2147483647;
			files = (
				DB4F67121F4D54EF004BF51F /* TestPopGestureSolution6Tests.m in Sources */,
			);
			runOnlyForDeploymentPostprocessing = 0;
		};
		DB4F67141F4D54EF004BF51F /* Sources */ = {
			isa = PBXSourcesBuildPhase;
			buildActionMask = 2147483647;
			files = (
				DB4F671D1F4D54EF004BF51F /* TestPopGestureSolution6UITests.m in Sources */,
			);
			runOnlyForDeploymentPostprocessing = 0;
		};
/* End PBXSourcesBuildPhase section */

/* Begin PBXTargetDependency section */
		DB4F670F1F4D54EF004BF51F /* PBXTargetDependency */ = {
			isa = PBXTargetDependency;
			target = DB4F66F31F4D54EE004BF51F /* TestPopGestureSolution6 */;
			targetProxy = DB4F670E1F4D54EF004BF51F /* PBXContainerItemProxy */;
		};
		DB4F671A1F4D54EF004BF51F /* PBXTargetDependency */ = {
			isa = PBXTargetDependency;
			target = DB4F66F31F4D54EE004BF51F /* TestPopGestureSolution6 */;
			targetProxy = DB4F67191F4D54EF004BF51F /* PBXContainerItemProxy */;
		};
/* End PBXTargetDependency section */

/* Begin PBXVariantGroup section */
		DB4F67001F4D54EE004BF51F /* Main.storyboard */ = {
			isa = PBXVariantGroup;
			children = (
				DB4F67011F4D54EE004BF51F /* Base */,
			);
			name = Main.storyboard;
			sourceTree = "<group>";
		};
		DB4F67051F4D54EE004BF51F /* LaunchScreen.storyboard */ = {
			isa = PBXVariantGroup;
			children = (
				DB4F67061F4D54EE004BF51F /* Base */,
			);
			name = LaunchScreen.storyboard;
			sourceTree = "<group>";
		};
/* End PBXVariantGroup section */

/* Begin XCBuildConfiguration section */
		DB4F671F1F4D54EF004BF51F /* Debug */ = {
			isa = XCBuildConfiguration;
			buildSettings = {
				ALWAYS_SEARCH_USER_PATHS = NO;
				CLANG_ANALYZER_NONNULL = YES;
				CLANG_ANALYZER_NUMBER_OBJECT_CONVERSION = YES_AGGRESSIVE;
				CLANG_CXX_LANGUAGE_STANDARD = "gnu++0x";
				CLANG_CXX_LIBRARY = "libc++";
				CLANG_ENABLE_MODULES = YES;
				CLANG_ENABLE_OBJC_ARC = YES;
				CLANG_WARN_BOOL_CONVERSION = YES;
				CLANG_WARN_CONSTANT_CONVERSION = YES;
				CLANG_WARN_DIRECT_OBJC_ISA_USAGE = YES_ERROR;
				CLANG_WARN_DOCUMENTATION_COMMENTS = YES;
				CLANG_WARN_EMPTY_BODY = YES;
				CLANG_WARN_ENUM_CONVERSION = YES;
				CLANG_WARN_INFINITE_RECURSION = YES;
				CLANG_WARN_INT_CONVERSION = YES;
				CLANG_WARN_OBJC_ROOT_CLASS = YES_ERROR;
				CLANG_WARN_SUSPICIOUS_MOVE = YES;
				CLANG_WARN_UNREACHABLE_CODE = YES;
				CLANG_WARN__DUPLICATE_METHOD_MATCH = YES;
				"CODE_SIGN_IDENTITY[sdk=iphoneos*]" = "iPhone Developer";
				COPY_PHASE_STRIP = NO;
				DEBUG_INFORMATION_FORMAT = dwarf;
				ENABLE_STRICT_OBJC_MSGSEND = YES;
				ENABLE_TESTABILITY = YES;
				GCC_C_LANGUAGE_STANDARD = gnu99;
				GCC_DYNAMIC_NO_PIC = NO;
				GCC_NO_COMMON_BLOCKS = YES;
				GCC_OPTIMIZATION_LEVEL = 0;
				GCC_PREPROCESSOR_DEFINITIONS = (
					"DEBUG=1",
					"$(inherited)",
				);
				GCC_WARN_64_TO_32_BIT_CONVERSION = YES;
				GCC_WARN_ABOUT_RETURN_TYPE = YES_ERROR;
				GCC_WARN_UNDECLARED_SELECTOR = YES;
				GCC_WARN_UNINITIALIZED_AUTOS = YES_AGGRESSIVE;
				GCC_WARN_UNUSED_FUNCTION = YES;
				GCC_WARN_UNUSED_VARIABLE = YES;
				IPHONEOS_DEPLOYMENT_TARGET = 10.3;
				MTL_ENABLE_DEBUG_INFO = YES;
				ONLY_ACTIVE_ARCH = YES;
				SDKROOT = iphoneos;
			};
			name = Debug;
		};
		DB4F67201F4D54EF004BF51F /* Release */ = {
			isa = XCBuildConfiguration;
			buildSettings = {
				ALWAYS_SEARCH_USER_PATHS = NO;
				CLANG_ANALYZER_NONNULL = YES;
				CLANG_ANALYZER_NUMBER_OBJECT_CONVERSION = YES_AGGRESSIVE;
				CLANG_CXX_LANGUAGE_STANDARD = "gnu++0x";
				CLANG_CXX_LIBRARY = "libc++";
				CLANG_ENABLE_MODULES = YES;
				CLANG_ENABLE_OBJC_ARC = YES;
				CLANG_WARN_BOOL_CONVERSION = YES;
				CLANG_WARN_CONSTANT_CONVERSION = YES;
				CLANG_WARN_DIRECT_OBJC_ISA_USAGE = YES_ERROR;
				CLANG_WARN_DOCUMENTATION_COMMENTS = YES;
				CLANG_WARN_EMPTY_BODY = YES;
				CLANG_WARN_ENUM_CONVERSION = YES;
				CLANG_WARN_INFINITE_RECURSION = YES;
				CLANG_WARN_INT_CONVERSION = YES;
				CLANG_WARN_OBJC_ROOT_CLASS = YES_ERROR;
				CLANG_WARN_SUSPICIOUS_MOVE = YES;
				CLANG_WARN_UNREACHABLE_CODE = YES;
				CLANG_WARN__DUPLICATE_METHOD_MATCH = YES;
				"CODE_SIGN_IDENTITY[sdk=iphoneos*]" = "iPhone Developer";
				COPY_PHASE_STRIP = NO;
				DEBUG_INFORMATION_FORMAT = "dwarf-with-dsym";
				ENABLE_NS_ASSERTIONS = NO;
				ENABLE_STRICT_OBJC_MSGSEND = YES;
				GCC_C_LANGUAGE_STANDARD = gnu99;
				GCC_NO_COMMON_BLOCKS = YES;
				GCC_WARN_64_TO_32_BIT_CONVERSION = YES;
				GCC_WARN_ABOUT_RETURN_TYPE = YES_ERROR;
				GCC_WARN_UNDECLARED_SELECTOR = YES;
				GCC_WARN_UNINITIALIZED_AUTOS = YES_AGGRESSIVE;
				GCC_WARN_UNUSED_FUNCTION = YES;
				GCC_WARN_UNUSED_VARIABLE = YES;
				IPHONEOS_DEPLOYMENT_TARGET = 10.3;
				MTL_ENABLE_DEBUG_INFO = NO;
				SDKROOT = iphoneos;
				VALIDATE_PRODUCT = YES;
			};
			name = Release;
		};
		DB4F67221F4D54EF004BF51F /* Debug */ = {
			isa = XCBuildConfiguration;
			buildSettings = {
				ASSETCATALOG_COMPILER_APPICON_NAME = AppIcon;
				INFOPLIST_FILE = TestPopGestureSolution6/Info.plist;
				LD_RUNPATH_SEARCH_PATHS = "$(inherited) @executable_path/Frameworks";
				PRODUCT_BUNDLE_IDENTIFIER = com.zqq.love.TestPopGestureSolution6;
				PRODUCT_NAME = "$(TARGET_NAME)";
			};
			name = Debug;
		};
		DB4F67231F4D54EF004BF51F /* Release */ = {
			isa = XCBuildConfiguration;
			buildSettings = {
				ASSETCATALOG_COMPILER_APPICON_NAME = AppIcon;
				INFOPLIST_FILE = TestPopGestureSolution6/Info.plist;
				LD_RUNPATH_SEARCH_PATHS = "$(inherited) @executable_path/Frameworks";
				PRODUCT_BUNDLE_IDENTIFIER = com.zqq.love.TestPopGestureSolution6;
				PRODUCT_NAME = "$(TARGET_NAME)";
			};
			name = Release;
		};
		DB4F67251F4D54EF004BF51F /* Debug */ = {
			isa = XCBuildConfiguration;
			buildSettings = {
				BUNDLE_LOADER = "$(TEST_HOST)";
				INFOPLIST_FILE = TestPopGestureSolution6Tests/Info.plist;
				LD_RUNPATH_SEARCH_PATHS = "$(inherited) @executable_path/Frameworks @loader_path/Frameworks";
				PRODUCT_BUNDLE_IDENTIFIER = com.zqq.love.TestPopGestureSolution6Tests;
				PRODUCT_NAME = "$(TARGET_NAME)";
				TEST_HOST = "$(BUILT_PRODUCTS_DIR)/TestPopGestureSolution6.app/TestPopGestureSolution6";
			};
			name = Debug;
		};
		DB4F67261F4D54EF004BF51F /* Release */ = {
			isa = XCBuildConfiguration;
			buildSettings = {
				BUNDLE_LOADER = "$(TEST_HOST)";
				INFOPLIST_FILE = TestPopGestureSolution6Tests/Info.plist;
				LD_RUNPATH_SEARCH_PATHS = "$(inherited) @executable_path/Frameworks @loader_path/Frameworks";
				PRODUCT_BUNDLE_IDENTIFIER = com.zqq.love.TestPopGestureSolution6Tests;
				PRODUCT_NAME = "$(TARGET_NAME)";
				TEST_HOST = "$(BUILT_PRODUCTS_DIR)/TestPopGestureSolution6.app/TestPopGestureSolution6";
			};
			name = Release;
		};
		DB4F67281F4D54EF004BF51F /* Debug */ = {
			isa = XCBuildConfiguration;
			buildSettings = {
				INFOPLIST_FILE = TestPopGestureSolution6UITests/Info.plist;
				LD_RUNPATH_SEARCH_PATHS = "$(inherited) @executable_path/Frameworks @loader_path/Frameworks";
				PRODUCT_BUNDLE_IDENTIFIER = com.zqq.love.TestPopGestureSolution6UITests;
				PRODUCT_NAME = "$(TARGET_NAME)";
				TEST_TARGET_NAME = TestPopGestureSolution6;
			};
			name = Debug;
		};
		DB4F67291F4D54EF004BF51F /* Release */ = {
			isa = XCBuildConfiguration;
			buildSettings = {
				INFOPLIST_FILE = TestPopGestureSolution6UITests/Info.plist;
				LD_RUNPATH_SEARCH_PATHS = "$(inherited) @executable_path/Frameworks @loader_path/Frameworks";
				PRODUCT_BUNDLE_IDENTIFIER = com.zqq.love.TestPopGestureSolution6UITests;
				PRODUCT_NAME = "$(TARGET_NAME)";
				TEST_TARGET_NAME = TestPopGestureSolution6;
			};
			name = Release;
		};
/* End XCBuildConfiguration section */

/* Begin XCConfigurationList section */
		DB4F66EF1F4D54EE004BF51F /* Build configuration list for PBXProject "TestPopGestureSolution6" */ = {
			isa = XCConfigurationList;
			buildConfigurations = (
				DB4F671F1F4D54EF004BF51F /* Debug */,
				DB4F67201F4D54EF004BF51F /* Release */,
			);
			defaultConfigurationIsVisible = 0;
			defaultConfigurationName = Release;
		};
		DB4F67211F4D54EF004BF51F /* Build configuration list for PBXNativeTarget "TestPopGestureSolution6" */ = {
			isa = XCConfigurationList;
			buildConfigurations = (
				DB4F67221F4D54EF004BF51F /* Debug */,
				DB4F67231F4D54EF004BF51F /* Release */,
			);
			defaultConfigurationIsVisible = 0;
		};
		DB4F67241F4D54EF004BF51F /* Build configuration list for PBXNativeTarget "TestPopGestureSolution6Tests" */ = {
			isa = XCConfigurationList;
			buildConfigurations = (
				DB4F67251F4D54EF004BF51F /* Debug */,
				DB4F67261F4D54EF004BF51F /* Release */,
			);
			defaultConfigurationIsVisible = 0;
		};
		DB4F67271F4D54EF004BF51F /* Build configuration list for PBXNativeTarget "TestPopGestureSolution6UITests" */ = {
			isa = XCConfigurationList;
			buildConfigurations = (
				DB4F67281F4D54EF004BF51F /* Debug */,
				DB4F67291F4D54EF004BF51F /* Release */,
			);
			defaultConfigurationIsVisible = 0;
		};
/* End XCConfigurationList section */
	};
	rootObject = DB4F66EC1F4D54EE004BF51F /* Project object */;
}
