// !$*UTF8*$!
{
	archiveVersion = 1;
	classes = {
	};
	objectVersion = 46;
	objects = {

/* Begin PBXBuildFile section */
		DBB2501C1F55665400FEAEA9 /* main.m in Sources */ = {isa = PBXBuildFile; fileRef = DBB2501B1F55665400FEAEA9 /* main.m */; };
		DBB2501F1F55665400FEAEA9 /* AppDelegate.m in Sources */ = {isa = PBXBuildFile; fileRef = DBB2501E1F55665400FEAEA9 /* AppDelegate.m */; };
		DBB250221F55665400FEAEA9 /* ViewController.m in Sources */ = {isa = PBXBuildFile; fileRef = DBB250211F55665400FEAEA9 /* ViewController.m */; };
		DBB250251F55665400FEAEA9 /* Main.storyboard in Resources */ = {isa = PBXBuildFile; fileRef = DBB250231F55665400FEAEA9 /* Main.storyboard */; };
		DBB250271F55665400FEAEA9 /* Assets.xcassets in Resources */ = {isa = PBXBuildFile; fileRef = DBB250261F55665400FEAEA9 /* Assets.xcassets */; };
		DBB2502A1F55665400FEAEA9 /* LaunchScreen.storyboard in Resources */ = {isa = PBXBuildFile; fileRef = DBB250281F55665400FEAEA9 /* LaunchScreen.storyboard */; };
		DBB250351F55665400FEAEA9 /* TestPopGestureSolution7Tests.m in Sources */ = {isa = PBXBuildFile; fileRef = DBB250341F55665400FEAEA9 /* TestPopGestureSolution7Tests.m */; };
		DBB250401F55665400FEAEA9 /* TestPopGestureSolution7UITests.m in Sources */ = {isa = PBXBuildFile; fileRef = DBB2503F1F55665400FEAEA9 /* TestPopGestureSolution7UITests.m */; };
		DBB250791F5566DC00FEAEA9 /* LHHideNav1ViewController.m in Sources */ = {isa = PBXBuildFile; fileRef = DBB2504F1F5566DC00FEAEA9 /* LHHideNav1ViewController.m */; };
		DBB2507A1F5566DC00FEAEA9 /* LHHideNav2ViewController.m in Sources */ = {isa = PBXBuildFile; fileRef = DBB250511F5566DC00FEAEA9 /* LHHideNav2ViewController.m */; };
		DBB2507B1F5566DC00FEAEA9 /* LHShowNav1ViewController.m in Sources */ = {isa = PBXBuildFile; fileRef = DBB250531F5566DC00FEAEA9 /* LHShowNav1ViewController.m */; };
		DBB2507C1F5566DC00FEAEA9 /* LHShowNav2ViewController.m in Sources */ = {isa = PBXBuildFile; fileRef = DBB250551F5566DC00FEAEA9 /* LHShowNav2ViewController.m */; };
		DBB2507F1F5566DC00FEAEA9 /* LHNavigationController.m in Sources */ = {isa = PBXBuildFile; fileRef = DBB2505F1F5566DC00FEAEA9 /* LHNavigationController.m */; };
		DBB250801F5566DC00FEAEA9 /* CellModel.m in Sources */ = {isa = PBXBuildFile; fileRef = DBB250621F5566DC00FEAEA9 /* CellModel.m */; };
		DBB250811F5566DC00FEAEA9 /* LHBaseViewController.m in Sources */ = {isa = PBXBuildFile; fileRef = DBB250641F5566DC00FEAEA9 /* LHBaseViewController.m */; };
		DBB250821F5566DC00FEAEA9 /* LHClassifyViewController.m in Sources */ = {isa = PBXBuildFile; fileRef = DBB250661F5566DC00FEAEA9 /* LHClassifyViewController.m */; };
		DBB250831F5566DC00FEAEA9 /* LHFriendsViewController.m in Sources */ = {isa = PBXBuildFile; fileRef = DBB250681F5566DC00FEAEA9 /* LHFriendsViewController.m */; };
		DBB250841F5566DC00FEAEA9 /* LHHomeViewController.m in Sources */ = {isa = PBXBuildFile; fileRef = DBB2506A1F5566DC00FEAEA9 /* LHHomeViewController.m */; };
		DBB250851F5566DC00FEAEA9 /* LHMineViewController.m in Sources */ = {isa = PBXBuildFile; fileRef = DBB2506C1F5566DC00FEAEA9 /* LHMineViewController.m */; };
		DBB250861F5566DC00FEAEA9 /* TZCollectionViewController.m in Sources */ = {isa = PBXBuildFile; fileRef = DBB2506F1F5566DC00FEAEA9 /* TZCollectionViewController.m */; };
		DBB250871F5566DC00FEAEA9 /* TZMapViewController.m in Sources */ = {isa = PBXBuildFile; fileRef = DBB250711F5566DC00FEAEA9 /* TZMapViewController.m */; };
		DBB250881F5566DC00FEAEA9 /* TZPageViewController.m in Sources */ = {isa = PBXBuildFile; fileRef = DBB250731F5566DC00FEAEA9 /* TZPageViewController.m */; };
		DBB250891F5566DC00FEAEA9 /* TZScrollViewController.m in Sources */ = {isa = PBXBuildFile; fileRef = DBB250751F5566DC00FEAEA9 /* TZScrollViewController.m */; };
		DBB2508A1F5566DC00FEAEA9 /* LHMainViewController.m in Sources */ = {isa = PBXBuildFile; fileRef = DBB250781F5566DC00FEAEA9 /* LHMainViewController.m */; };
		DBB2508E1F556DC300FEAEA9 /* UIViewController+LHNavigationGesture.m in Sources */ = {isa = PBXBuildFile; fileRef = DBB2508D1F556DC300FEAEA9 /* UIViewController+LHNavigationGesture.m */; };
/* End PBXBuildFile section */

/* Begin PBXContainerItemProxy section */
		DBB250311F55665400FEAEA9 /* PBXContainerItemProxy */ = {
			isa = PBXContainerItemProxy;
			containerPortal = DBB2500F1F55665400FEAEA9 /* Project object */;
			proxyType = 1;
			remoteGlobalIDString = DBB250161F55665400FEAEA9;
			remoteInfo = TestPopGestureSolution7;
		};
		DBB2503C1F55665400FEAEA9 /* PBXContainerItemProxy */ = {
			isa = PBXContainerItemProxy;
			containerPortal = DBB2500F1F55665400FEAEA9 /* Project object */;
			proxyType = 1;
			remoteGlobalIDString = DBB250161F55665400FEAEA9;
			remoteInfo = TestPopGestureSolution7;
		};
/* End PBXContainerItemProxy section */

/* Begin PBXFileReference section */
		DBB250171F55665400FEAEA9 /* TestPopGestureSolution7.app */ = {isa = PBXFileReference; explicitFileType = wrapper.application; includeInIndex = 0; path = TestPopGestureSolution7.app; sourceTree = BUILT_PRODUCTS_DIR; };
		DBB2501B1F55665400FEAEA9 /* main.m */ = {isa = PBXFileReference; lastKnownFileType = sourcecode.c.objc; path = main.m; sourceTree = "<group>"; };
		DBB2501D1F55665400FEAEA9 /* AppDelegate.h */ = {isa = PBXFileReference; lastKnownFileType = sourcecode.c.h; path = AppDelegate.h; sourceTree = "<group>"; };
		DBB2501E1F55665400FEAEA9 /* AppDelegate.m */ = {isa = PBXFileReference; lastKnownFileType = sourcecode.c.objc; path = AppDelegate.m; sourceTree = "<group>"; };
		DBB250201F55665400FEAEA9 /* ViewController.h */ = {isa = PBXFileReference; lastKnownFileType = sourcecode.c.h; path = ViewController.h; sourceTree = "<group>"; };
		DBB250211F55665400FEAEA9 /* ViewController.m */ = {isa = PBXFileReference; lastKnownFileType = sourcecode.c.objc; path = ViewController.m; sourceTree = "<group>"; };
		DBB250241F55665400FEAEA9 /* Base */ = {isa = PBXFileReference; lastKnownFileType = file.storyboard; name = Base; path = Base.lproj/Main.storyboard; sourceTree = "<group>"; };
		DBB250261F55665400FEAEA9 /* Assets.xcassets */ = {isa = PBXFileReference; lastKnownFileType = folder.assetcatalog; path = Assets.xcassets; sourceTree = "<group>"; };
		DBB250291F55665400FEAEA9 /* Base */ = {isa = PBXFileReference; lastKnownFileType = file.storyboard; name = Base; path = Base.lproj/LaunchScreen.storyboard; sourceTree = "<group>"; };
		DBB2502B1F55665400FEAEA9 /* Info.plist */ = {isa = PBXFileReference; lastKnownFileType = text.plist.xml; path = Info.plist; sourceTree = "<group>"; };
		DBB250301F55665400FEAEA9 /* TestPopGestureSolution7Tests.xctest */ = {isa = PBXFileReference; explicitFileType = wrapper.cfbundle; includeInIndex = 0; path = TestPopGestureSolution7Tests.xctest; sourceTree = BUILT_PRODUCTS_DIR; };
		DBB250341F55665400FEAEA9 /* TestPopGestureSolution7Tests.m */ = {isa = PBXFileReference; lastKnownFileType = sourcecode.c.objc; path = TestPopGestureSolution7Tests.m; sourceTree = "<group>"; };
		DBB250361F55665400FEAEA9 /* Info.plist */ = {isa = PBXFileReference; lastKnownFileType = text.plist.xml; path = Info.plist; sourceTree = "<group>"; };
		DBB2503B1F55665400FEAEA9 /* TestPopGestureSolution7UITests.xctest */ = {isa = PBXFileReference; explicitFileType = wrapper.cfbundle; includeInIndex = 0; path = TestPopGestureSolution7UITests.xctest; sourceTree = BUILT_PRODUCTS_DIR; };
		DBB2503F1F55665400FEAEA9 /* TestPopGestureSolution7UITests.m */ = {isa = PBXFileReference; lastKnownFileType = sourcecode.c.objc; path = TestPopGestureSolution7UITests.m; sourceTree = "<group>"; };
		DBB250411F55665400FEAEA9 /* Info.plist */ = {isa = PBXFileReference; lastKnownFileType = text.plist.xml; path = Info.plist; sourceTree = "<group>"; };
		DBB2504E1F5566DC00FEAEA9 /* LHHideNav1ViewController.h */ = {isa = PBXFileReference; fileEncoding = 4; lastKnownFileType = sourcecode.c.h; path = LHHideNav1ViewController.h; sourceTree = "<group>"; };
		DBB2504F1F5566DC00FEAEA9 /* LHHideNav1ViewController.m */ = {isa = PBXFileReference; fileEncoding = 4; lastKnownFileType = sourcecode.c.objc; path = LHHideNav1ViewController.m; sourceTree = "<group>"; };
		DBB250501F5566DC00FEAEA9 /* LHHideNav2ViewController.h */ = {isa = PBXFileReference; fileEncoding = 4; lastKnownFileType = sourcecode.c.h; path = LHHideNav2ViewController.h; sourceTree = "<group>"; };
		DBB250511F5566DC00FEAEA9 /* LHHideNav2ViewController.m */ = {isa = PBXFileReference; fileEncoding = 4; lastKnownFileType = sourcecode.c.objc; path = LHHideNav2ViewController.m; sourceTree = "<group>"; };
		DBB250521F5566DC00FEAEA9 /* LHShowNav1ViewController.h */ = {isa = PBXFileReference; fileEncoding = 4; lastKnownFileType = sourcecode.c.h; path = LHShowNav1ViewController.h; sourceTree = "<group>"; };
		DBB250531F5566DC00FEAEA9 /* LHShowNav1ViewController.m */ = {isa = PBXFileReference; fileEncoding = 4; lastKnownFileType = sourcecode.c.objc; path = LHShowNav1ViewController.m; sourceTree = "<group>"; };
		DBB250541F5566DC00FEAEA9 /* LHShowNav2ViewController.h */ = {isa = PBXFileReference; fileEncoding = 4; lastKnownFileType = sourcecode.c.h; path = LHShowNav2ViewController.h; sourceTree = "<group>"; };
		DBB250551F5566DC00FEAEA9 /* LHShowNav2ViewController.m */ = {isa = PBXFileReference; fileEncoding = 4; lastKnownFileType = sourcecode.c.objc; path = LHShowNav2ViewController.m; sourceTree = "<group>"; };
		DBB2505E1F5566DC00FEAEA9 /* LHNavigationController.h */ = {isa = PBXFileReference; fileEncoding = 4; lastKnownFileType = sourcecode.c.h; path = LHNavigationController.h; sourceTree = "<group>"; };
		DBB2505F1F5566DC00FEAEA9 /* LHNavigationController.m */ = {isa = PBXFileReference; fileEncoding = 4; lastKnownFileType = sourcecode.c.objc; path = LHNavigationController.m; sourceTree = "<group>"; };
		DBB250611F5566DC00FEAEA9 /* CellModel.h */ = {isa = PBXFileReference; fileEncoding = 4; lastKnownFileType = sourcecode.c.h; path = CellModel.h; sourceTree = "<group>"; };
		DBB250621F5566DC00FEAEA9 /* CellModel.m */ = {isa = PBXFileReference; fileEncoding = 4; lastKnownFileType = sourcecode.c.objc; path = CellModel.m; sourceTree = "<group>"; };
		DBB250631F5566DC00FEAEA9 /* LHBaseViewController.h */ = {isa = PBXFileReference; fileEncoding = 4; lastKnownFileType = sourcecode.c.h; path = LHBaseViewController.h; sourceTree = "<group>"; };
		DBB250641F5566DC00FEAEA9 /* LHBaseViewController.m */ = {isa = PBXFileReference; fileEncoding = 4; lastKnownFileType = sourcecode.c.objc; path = LHBaseViewController.m; sourceTree = "<group>"; };
		DBB250651F5566DC00FEAEA9 /* LHClassifyViewController.h */ = {isa = PBXFileReference; fileEncoding = 4; lastKnownFileType = sourcecode.c.h; path = LHClassifyViewController.h; sourceTree = "<group>"; };
		DBB250661F5566DC00FEAEA9 /* LHClassifyViewController.m */ = {isa = PBXFileReference; fileEncoding = 4; lastKnownFileType = sourcecode.c.objc; path = LHClassifyViewController.m; sourceTree = "<group>"; };
		DBB250671F5566DC00FEAEA9 /* LHFriendsViewController.h */ = {isa = PBXFileReference; fileEncoding = 4; lastKnownFileType = sourcecode.c.h; path = LHFriendsViewController.h; sourceTree = "<group>"; };
		DBB250681F5566DC00FEAEA9 /* LHFriendsViewController.m */ = {isa = PBXFileReference; fileEncoding = 4; lastKnownFileType = sourcecode.c.objc; path = LHFriendsViewController.m; sourceTree = "<group>"; };
		DBB250691F5566DC00FEAEA9 /* LHHomeViewController.h */ = {isa = PBXFileReference; fileEncoding = 4; lastKnownFileType = sourcecode.c.h; path = LHHomeViewController.h; sourceTree = "<group>"; };
		DBB2506A1F5566DC00FEAEA9 /* LHHomeViewController.m */ = {isa = PBXFileReference; fileEncoding = 4; lastKnownFileType = sourcecode.c.objc; path = LHHomeViewController.m; sourceTree = "<group>"; };
		DBB2506B1F5566DC00FEAEA9 /* LHMineViewController.h */ = {isa = PBXFileReference; fileEncoding = 4; lastKnownFileType = sourcecode.c.h; path = LHMineViewController.h; sourceTree = "<group>"; };
		DBB2506C1F5566DC00FEAEA9 /* LHMineViewController.m */ = {isa = PBXFileReference; fileEncoding = 4; lastKnownFileType = sourcecode.c.objc; path = LHMineViewController.m; sourceTree = "<group>"; };
		DBB2506E1F5566DC00FEAEA9 /* TZCollectionViewController.h */ = {isa = PBXFileReference; fileEncoding = 4; lastKnownFileType = sourcecode.c.h; path = TZCollectionViewController.h; sourceTree = "<group>"; };
		DBB2506F1F5566DC00FEAEA9 /* TZCollectionViewController.m */ = {isa = PBXFileReference; fileEncoding = 4; lastKnownFileType = sourcecode.c.objc; path = TZCollectionViewController.m; sourceTree = "<group>"; };
		DBB250701F5566DC00FEAEA9 /* TZMapViewController.h */ = {isa = PBXFileReference; fileEncoding = 4; lastKnownFileType = sourcecode.c.h; path = TZMapViewController.h; sourceTree = "<group>"; };
		DBB250711F5566DC00FEAEA9 /* TZMapViewController.m */ = {isa = PBXFileReference; fileEncoding = 4; lastKnownFileType = sourcecode.c.objc; path = TZMapViewController.m; sourceTree = "<group>"; };
		DBB250721F5566DC00FEAEA9 /* TZPageViewController.h */ = {isa = PBXFileReference; fileEncoding = 4; lastKnownFileType = sourcecode.c.h; path = TZPageViewController.h; sourceTree = "<group>"; };
		DBB250731F5566DC00FEAEA9 /* TZPageViewController.m */ = {isa = PBXFileReference; fileEncoding = 4; lastKnownFileType = sourcecode.c.objc; path = TZPageViewController.m; sourceTree = "<group>"; };
		DBB250741F5566DC00FEAEA9 /* TZScrollViewController.h */ = {isa = PBXFileReference; fileEncoding = 4; lastKnownFileType = sourcecode.c.h; path = TZScrollViewController.h; sourceTree = "<group>"; };
		DBB250751F5566DC00FEAEA9 /* TZScrollViewController.m */ = {isa = PBXFileReference; fileEncoding = 4; lastKnownFileType = sourcecode.c.objc; path = TZScrollViewController.m; sourceTree = "<group>"; };
		DBB250771F5566DC00FEAEA9 /* LHMainViewController.h */ = {isa = PBXFileReference; fileEncoding = 4; lastKnownFileType = sourcecode.c.h; path = LHMainViewController.h; sourceTree = "<group>"; };
		DBB250781F5566DC00FEAEA9 /* LHMainViewController.m */ = {isa = PBXFileReference; fileEncoding = 4; lastKnownFileType = sourcecode.c.objc; path = LHMainViewController.m; sourceTree = "<group>"; };
		DBB2508C1F556DC300FEAEA9 /* UIViewController+LHNavigationGesture.h */ = {isa = PBXFileReference; fileEncoding = 4; lastKnownFileType = sourcecode.c.h; path = "UIViewController+LHNavigationGesture.h"; sourceTree = "<group>"; };
		DBB2508D1F556DC300FEAEA9 /* UIViewController+LHNavigationGesture.m */ = {isa = PBXFileReference; fileEncoding = 4; lastKnownFileType = sourcecode.c.objc; path = "UIViewController+LHNavigationGesture.m"; sourceTree = "<group>"; };
/* End PBXFileReference section */

/* Begin PBXFrameworksBuildPhase section */
		DBB250141F55665400FEAEA9 /* Frameworks */ = {
			isa = PBXFrameworksBuildPhase;
			buildActionMask = 2147483647;
			files = (
			);
			runOnlyForDeploymentPostprocessing = 0;
		};
		DBB2502D1F55665400FEAEA9 /* Frameworks */ = {
			isa = PBXFrameworksBuildPhase;
			buildActionMask = 2147483647;
			files = (
			);
			runOnlyForDeploymentPostprocessing = 0;
		};
		DBB250381F55665400FEAEA9 /* Frameworks */ = {
			isa = PBXFrameworksBuildPhase;
			buildActionMask = 2147483647;
			files = (
			);
			runOnlyForDeploymentPostprocessing = 0;
		};
/* End PBXFrameworksBuildPhase section */

/* Begin PBXGroup section */
		DBB2500E1F55665400FEAEA9 = {
			isa = PBXGroup;
			children = (
				DBB250191F55665400FEAEA9 /* TestPopGestureSolution7 */,
				DBB250331F55665400FEAEA9 /* TestPopGestureSolution7Tests */,
				DBB2503E1F55665400FEAEA9 /* TestPopGestureSolution7UITests */,
				DBB250181F55665400FEAEA9 /* Products */,
			);
			sourceTree = "<group>";
		};
		DBB250181F55665400FEAEA9 /* Products */ = {
			isa = PBXGroup;
			children = (
				DBB250171F55665400FEAEA9 /* TestPopGestureSolution7.app */,
				DBB250301F55665400FEAEA9 /* TestPopGestureSolution7Tests.xctest */,
				DBB2503B1F55665400FEAEA9 /* TestPopGestureSolution7UITests.xctest */,
			);
			name = Products;
			sourceTree = "<group>";
		};
		DBB250191F55665400FEAEA9 /* TestPopGestureSolution7 */ = {
			isa = PBXGroup;
			children = (
				DBB2504D1F5566DC00FEAEA9 /* HideNav */,
				DBB250561F5566DC00FEAEA9 /* Libs */,
				DBB2505D1F5566DC00FEAEA9 /* Nav */,
				DBB250601F5566DC00FEAEA9 /* Other */,
				DBB2506D1F5566DC00FEAEA9 /* scrollView */,
				DBB250761F5566DC00FEAEA9 /* Tab */,
				DBB2501D1F55665400FEAEA9 /* AppDelegate.h */,
				DBB2501E1F55665400FEAEA9 /* AppDelegate.m */,
				DBB250201F55665400FEAEA9 /* ViewController.h */,
				DBB250211F55665400FEAEA9 /* ViewController.m */,
				DBB250231F55665400FEAEA9 /* Main.storyboard */,
				DBB250261F55665400FEAEA9 /* Assets.xcassets */,
				DBB250281F55665400FEAEA9 /* LaunchScreen.storyboard */,
				DBB2502B1F55665400FEAEA9 /* Info.plist */,
				DBB2501A1F55665400FEAEA9 /* Supporting Files */,
			);
			path = TestPopGestureSolution7;
			sourceTree = "<group>";
		};
		DBB2501A1F55665400FEAEA9 /* Supporting Files */ = {
			isa = PBXGroup;
			children = (
				DBB2501B1F55665400FEAEA9 /* main.m */,
			);
			name = "Supporting Files";
			sourceTree = "<group>";
		};
		DBB250331F55665400FEAEA9 /* TestPopGestureSolution7Tests */ = {
			isa = PBXGroup;
			children = (
				DBB250341F55665400FEAEA9 /* TestPopGestureSolution7Tests.m */,
				DBB250361F55665400FEAEA9 /* Info.plist */,
			);
			path = TestPopGestureSolution7Tests;
			sourceTree = "<group>";
		};
		DBB2503E1F55665400FEAEA9 /* TestPopGestureSolution7UITests */ = {
			isa = PBXGroup;
			children = (
				DBB2503F1F55665400FEAEA9 /* TestPopGestureSolution7UITests.m */,
				DBB250411F55665400FEAEA9 /* Info.plist */,
			);
			path = TestPopGestureSolution7UITests;
			sourceTree = "<group>";
		};
		DBB2504D1F5566DC00FEAEA9 /* HideNav */ = {
			isa = PBXGroup;
			children = (
				DBB2504E1F5566DC00FEAEA9 /* LHHideNav1ViewController.h */,
				DBB2504F1F5566DC00FEAEA9 /* LHHideNav1ViewController.m */,
				DBB250501F5566DC00FEAEA9 /* LHHideNav2ViewController.h */,
				DBB250511F5566DC00FEAEA9 /* LHHideNav2ViewController.m */,
				DBB250521F5566DC00FEAEA9 /* LHShowNav1ViewController.h */,
				DBB250531F5566DC00FEAEA9 /* LHShowNav1ViewController.m */,
				DBB250541F5566DC00FEAEA9 /* LHShowNav2ViewController.h */,
				DBB250551F5566DC00FEAEA9 /* LHShowNav2ViewController.m */,
			);
			path = HideNav;
			sourceTree = "<group>";
		};
		DBB250561F5566DC00FEAEA9 /* Libs */ = {
			isa = PBXGroup;
			children = (
				DBB2508B1F556D8D00FEAEA9 /* LHNavigationGesture */,
			);
			path = Libs;
			sourceTree = "<group>";
		};
		DBB2505D1F5566DC00FEAEA9 /* Nav */ = {
			isa = PBXGroup;
			children = (
				DBB2505E1F5566DC00FEAEA9 /* LHNavigationController.h */,
				DBB2505F1F5566DC00FEAEA9 /* LHNavigationController.m */,
			);
			path = Nav;
			sourceTree = "<group>";
		};
		DBB250601F5566DC00FEAEA9 /* Other */ = {
			isa = PBXGroup;
			children = (
				DBB250611F5566DC00FEAEA9 /* CellModel.h */,
				DBB250621F5566DC00FEAEA9 /* CellModel.m */,
				DBB250631F5566DC00FEAEA9 /* LHBaseViewController.h */,
				DBB250641F5566DC00FEAEA9 /* LHBaseViewController.m */,
				DBB250651F5566DC00FEAEA9 /* LHClassifyViewController.h */,
				DBB250661F5566DC00FEAEA9 /* LHClassifyViewController.m */,
				DBB250671F5566DC00FEAEA9 /* LHFriendsViewController.h */,
				DBB250681F5566DC00FEAEA9 /* LHFriendsViewController.m */,
				DBB250691F5566DC00FEAEA9 /* LHHomeViewController.h */,
				DBB2506A1F5566DC00FEAEA9 /* LHHomeViewController.m */,
				DBB2506B1F5566DC00FEAEA9 /* LHMineViewController.h */,
				DBB2506C1F5566DC00FEAEA9 /* LHMineViewController.m */,
			);
			path = Other;
			sourceTree = "<group>";
		};
		DBB2506D1F5566DC00FEAEA9 /* scrollView */ = {
			isa = PBXGroup;
			children = (
				DBB2506E1F5566DC00FEAEA9 /* TZCollectionViewController.h */,
				DBB2506F1F5566DC00FEAEA9 /* TZCollectionViewController.m */,
				DBB250701F5566DC00FEAEA9 /* TZMapViewController.h */,
				DBB250711F5566DC00FEAEA9 /* TZMapViewController.m */,
				DBB250721F5566DC00FEAEA9 /* TZPageViewController.h */,
				DBB250731F5566DC00FEAEA9 /* TZPageViewController.m */,
				DBB250741F5566DC00FEAEA9 /* TZScrollViewController.h */,
				DBB250751F5566DC00FEAEA9 /* TZScrollViewController.m */,
			);
			path = scrollView;
			sourceTree = "<group>";
		};
		DBB250761F5566DC00FEAEA9 /* Tab */ = {
			isa = PBXGroup;
			children = (
				DBB250771F5566DC00FEAEA9 /* LHMainViewController.h */,
				DBB250781F5566DC00FEAEA9 /* LHMainViewController.m */,
			);
			path = Tab;
			sourceTree = "<group>";
		};
		DBB2508B1F556D8D00FEAEA9 /* LHNavigationGesture */ = {
			isa = PBXGroup;
			children = (
				DBB2508C1F556DC300FEAEA9 /* UIViewController+LHNavigationGesture.h */,
				DBB2508D1F556DC300FEAEA9 /* UIViewController+LHNavigationGesture.m */,
			);
			name = LHNavigationGesture;
			sourceTree = "<group>";
		};
/* End PBXGroup section */

/* Begin PBXNativeTarget section */
		DBB250161F55665400FEAEA9 /* TestPopGestureSolution7 */ = {
			isa = PBXNativeTarget;
			buildConfigurationList = DBB250441F55665400FEAEA9 /* Build configuration list for PBXNativeTarget "TestPopGestureSolution7" */;
			buildPhases = (
				DBB250131F55665400FEAEA9 /* Sources */,
				DBB250141F55665400FEAEA9 /* Frameworks */,
				DBB250151F55665400FEAEA9 /* Resources */,
			);
			buildRules = (
			);
			dependencies = (
			);
			name = TestPopGestureSolution7;
			productName = TestPopGestureSolution7;
			productReference = DBB250171F55665400FEAEA9 /* TestPopGestureSolution7.app */;
			productType = "com.apple.product-type.application";
		};
		DBB2502F1F55665400FEAEA9 /* TestPopGestureSolution7Tests */ = {
			isa = PBXNativeTarget;
			buildConfigurationList = DBB250471F55665400FEAEA9 /* Build configuration list for PBXNativeTarget "TestPopGestureSolution7Tests" */;
			buildPhases = (
				DBB2502C1F55665400FEAEA9 /* Sources */,
				DBB2502D1F55665400FEAEA9 /* Frameworks */,
				DBB2502E1F55665400FEAEA9 /* Resources */,
			);
			buildRules = (
			);
			dependencies = (
				DBB250321F55665400FEAEA9 /* PBXTargetDependency */,
			);
			name = TestPopGestureSolution7Tests;
			productName = TestPopGestureSolution7Tests;
			productReference = DBB250301F55665400FEAEA9 /* TestPopGestureSolution7Tests.xctest */;
			productType = "com.apple.product-type.bundle.unit-test";
		};
		DBB2503A1F55665400FEAEA9 /* TestPopGestureSolution7UITests */ = {
			isa = PBXNativeTarget;
			buildConfigurationList = DBB2504A1F55665400FEAEA9 /* Build configuration list for PBXNativeTarget "TestPopGestureSolution7UITests" */;
			buildPhases = (
				DBB250371F55665400FEAEA9 /* Sources */,
				DBB250381F55665400FEAEA9 /* Frameworks */,
				DBB250391F55665400FEAEA9 /* Resources */,
			);
			buildRules = (
			);
			dependencies = (
				DBB2503D1F55665400FEAEA9 /* PBXTargetDependency */,
			);
			name = TestPopGestureSolution7UITests;
			productName = TestPopGestureSolution7UITests;
			productReference = DBB2503B1F55665400FEAEA9 /* TestPopGestureSolution7UITests.xctest */;
			productType = "com.apple.product-type.bundle.ui-testing";
		};
/* End PBXNativeTarget section */

/* Begin PBXProject section */
		DBB2500F1F55665400FEAEA9 /* Project object */ = {
			isa = PBXProject;
			attributes = {
				LastUpgradeCheck = 0830;
				ORGANIZATIONNAME = zqq;
				TargetAttributes = {
					DBB250161F55665400FEAEA9 = {
						CreatedOnToolsVersion = 8.3.2;
						ProvisioningStyle = Automatic;
					};
					DBB2502F1F55665400FEAEA9 = {
						CreatedOnToolsVersion = 8.3.2;
						ProvisioningStyle = Automatic;
						TestTargetID = DBB250161F55665400FEAEA9;
					};
					DBB2503A1F55665400FEAEA9 = {
						CreatedOnToolsVersion = 8.3.2;
						ProvisioningStyle = Automatic;
						TestTargetID = DBB250161F55665400FEAEA9;
					};
				};
			};
			buildConfigurationList = DBB250121F55665400FEAEA9 /* Build configuration list for PBXProject "TestPopGestureSolution7" */;
			compatibilityVersion = "Xcode 3.2";
			developmentRegion = English;
			hasScannedForEncodings = 0;
			knownRegions = (
				en,
				Base,
			);
			mainGroup = DBB2500E1F55665400FEAEA9;
			productRefGroup = DBB250181F55665400FEAEA9 /* Products */;
			projectDirPath = "";
			projectRoot = "";
			targets = (
				DBB250161F55665400FEAEA9 /* TestPopGestureSolution7 */,
				DBB2502F1F55665400FEAEA9 /* TestPopGestureSolution7Tests */,
				DBB2503A1F55665400FEAEA9 /* TestPopGestureSolution7UITests */,
			);
		};
/* End PBXProject section */

/* Begin PBXResourcesBuildPhase section */
		DBB250151F55665400FEAEA9 /* Resources */ = {
			isa = PBXResourcesBuildPhase;
			buildActionMask = 2147483647;
			files = (
				DBB2502A1F55665400FEAEA9 /* LaunchScreen.storyboard in Resources */,
				DBB250271F55665400FEAEA9 /* Assets.xcassets in Resources */,
				DBB250251F55665400FEAEA9 /* Main.storyboard in Resources */,
			);
			runOnlyForDeploymentPostprocessing = 0;
		};
		DBB2502E1F55665400FEAEA9 /* Resources */ = {
			isa = PBXResourcesBuildPhase;
			buildActionMask = 2147483647;
			files = (
			);
			runOnlyForDeploymentPostprocessing = 0;
		};
		DBB250391F55665400FEAEA9 /* Resources */ = {
			isa = PBXResourcesBuildPhase;
			buildActionMask = 2147483647;
			files = (
			);
			runOnlyForDeploymentPostprocessing = 0;
		};
/* End PBXResourcesBuildPhase section */

/* Begin PBXSourcesBuildPhase section */
		DBB250131F55665400FEAEA9 /* Sources */ = {
			isa = PBXSourcesBuildPhase;
			buildActionMask = 2147483647;
			files = (
				DBB2508E1F556DC300FEAEA9 /* UIViewController+LHNavigationGesture.m in Sources */,
				DBB2507C1F5566DC00FEAEA9 /* LHShowNav2ViewController.m in Sources */,
				DBB250801F5566DC00FEAEA9 /* CellModel.m in Sources */,
				DBB250831F5566DC00FEAEA9 /* LHFriendsViewController.m in Sources */,
				DBB2507F1F5566DC00FEAEA9 /* LHNavigationController.m in Sources */,
				DBB250881F5566DC00FEAEA9 /* TZPageViewController.m in Sources */,
				DBB250811F5566DC00FEAEA9 /* LHBaseViewController.m in Sources */,
				DBB250861F5566DC00FEAEA9 /* TZCollectionViewController.m in Sources */,
				DBB250791F5566DC00FEAEA9 /* LHHideNav1ViewController.m in Sources */,
				DBB250221F55665400FEAEA9 /* ViewController.m in Sources */,
				DBB2501F1F55665400FEAEA9 /* AppDelegate.m in Sources */,
				DBB2507B1F5566DC00FEAEA9 /* LHShowNav1ViewController.m in Sources */,
				DBB250871F5566DC00FEAEA9 /* TZMapViewController.m in Sources */,
				DBB2507A1F5566DC00FEAEA9 /* LHHideNav2ViewController.m in Sources */,
				DBB2508A1F5566DC00FEAEA9 /* LHMainViewController.m in Sources */,
				DBB250821F5566DC00FEAEA9 /* LHClassifyViewController.m in Sources */,
				DBB2501C1F55665400FEAEA9 /* main.m in Sources */,
				DBB250851F5566DC00FEAEA9 /* LHMineViewController.m in Sources */,
				DBB250841F5566DC00FEAEA9 /* LHHomeViewController.m in Sources */,
				DBB250891F5566DC00FEAEA9 /* TZScrollViewController.m in Sources */,
			);
			runOnlyForDeploymentPostprocessing = 0;
		};
		DBB2502C1F55665400FEAEA9 /* Sources */ = {
			isa = PBXSourcesBuildPhase;
			buildActionMask = 2147483647;
			files = (
				DBB250351F55665400FEAEA9 /* TestPopGestureSolution7Tests.m in Sources */,
			);
			runOnlyForDeploymentPostprocessing = 0;
		};
		DBB250371F55665400FEAEA9 /* Sources */ = {
			isa = PBXSourcesBuildPhase;
			buildActionMask = 2147483647;
			files = (
				DBB250401F55665400FEAEA9 /* TestPopGestureSolution7UITests.m in Sources */,
			);
			runOnlyForDeploymentPostprocessing = 0;
		};
/* End PBXSourcesBuildPhase section */

/* Begin PBXTargetDependency section */
		DBB250321F55665400FEAEA9 /* PBXTargetDependency */ = {
			isa = PBXTargetDependency;
			target = DBB250161F55665400FEAEA9 /* TestPopGestureSolution7 */;
			targetProxy = DBB250311F55665400FEAEA9 /* PBXContainerItemProxy */;
		};
		DBB2503D1F55665400FEAEA9 /* PBXTargetDependency */ = {
			isa = PBXTargetDependency;
			target = DBB250161F55665400FEAEA9 /* TestPopGestureSolution7 */;
			targetProxy = DBB2503C1F55665400FEAEA9 /* PBXContainerItemProxy */;
		};
/* End PBXTargetDependency section */

/* Begin PBXVariantGroup section */
		DBB250231F55665400FEAEA9 /* Main.storyboard */ = {
			isa = PBXVariantGroup;
			children = (
				DBB250241F55665400FEAEA9 /* Base */,
			);
			name = Main.storyboard;
			sourceTree = "<group>";
		};
		DBB250281F55665400FEAEA9 /* LaunchScreen.storyboard */ = {
			isa = PBXVariantGroup;
			children = (
				DBB250291F55665400FEAEA9 /* Base */,
			);
			name = LaunchScreen.storyboard;
			sourceTree = "<group>";
		};
/* End PBXVariantGroup section */

/* Begin XCBuildConfiguration section */
		DBB250421F55665400FEAEA9 /* Debug */ = {
			isa = XCBuildConfiguration;
			buildSettings = {
				ALWAYS_SEARCH_USER_PATHS = NO;
				CLANG_ANALYZER_NONNULL = YES;
				CLANG_ANALYZER_NUMBER_OBJECT_CONVERSION = YES_AGGRESSIVE;
				CLANG_CXX_LANGUAGE_STANDARD = "gnu++0x";
				CLANG_CXX_LIBRARY = "libc++";
				CLANG_ENABLE_MODULES = YES;
				CLANG_ENABLE_OBJC_ARC = YES;
				CLANG_WARN_BOOL_CONVERSION = YES;
				CLANG_WARN_CONSTANT_CONVERSION = YES;
				CLANG_WARN_DIRECT_OBJC_ISA_USAGE = YES_ERROR;
				CLANG_WARN_DOCUMENTATION_COMMENTS = YES;
				CLANG_WARN_EMPTY_BODY = YES;
				CLANG_WARN_ENUM_CONVERSION = YES;
				CLANG_WARN_INFINITE_RECURSION = YES;
				CLANG_WARN_INT_CONVERSION = YES;
				CLANG_WARN_OBJC_ROOT_CLASS = YES_ERROR;
				CLANG_WARN_SUSPICIOUS_MOVE = YES;
				CLANG_WARN_UNREACHABLE_CODE = YES;
				CLANG_WARN__DUPLICATE_METHOD_MATCH = YES;
				"CODE_SIGN_IDENTITY[sdk=iphoneos*]" = "iPhone Developer";
				COPY_PHASE_STRIP = NO;
				DEBUG_INFORMATION_FORMAT = dwarf;
				ENABLE_STRICT_OBJC_MSGSEND = YES;
				ENABLE_TESTABILITY = YES;
				GCC_C_LANGUAGE_STANDARD = gnu99;
				GCC_DYNAMIC_NO_PIC = NO;
				GCC_NO_COMMON_BLOCKS = YES;
				GCC_OPTIMIZATION_LEVEL = 0;
				GCC_PREPROCESSOR_DEFINITIONS = (
					"DEBUG=1",
					"$(inherited)",
				);
				GCC_WARN_64_TO_32_BIT_CONVERSION = YES;
				GCC_WARN_ABOUT_RETURN_TYPE = YES_ERROR;
				GCC_WARN_UNDECLARED_SELECTOR = YES;
				GCC_WARN_UNINITIALIZED_AUTOS = YES_AGGRESSIVE;
				GCC_WARN_UNUSED_FUNCTION = YES;
				GCC_WARN_UNUSED_VARIABLE = YES;
				IPHONEOS_DEPLOYMENT_TARGET = 10.3;
				MTL_ENABLE_DEBUG_INFO = YES;
				ONLY_ACTIVE_ARCH = YES;
				SDKROOT = iphoneos;
			};
			name = Debug;
		};
		DBB250431F55665400FEAEA9 /* Release */ = {
			isa = XCBuildConfiguration;
			buildSettings = {
				ALWAYS_SEARCH_USER_PATHS = NO;
				CLANG_ANALYZER_NONNULL = YES;
				CLANG_ANALYZER_NUMBER_OBJECT_CONVERSION = YES_AGGRESSIVE;
				CLANG_CXX_LANGUAGE_STANDARD = "gnu++0x";
				CLANG_CXX_LIBRARY = "libc++";
				CLANG_ENABLE_MODULES = YES;
				CLANG_ENABLE_OBJC_ARC = YES;
				CLANG_WARN_BOOL_CONVERSION = YES;
				CLANG_WARN_CONSTANT_CONVERSION = YES;
				CLANG_WARN_DIRECT_OBJC_ISA_USAGE = YES_ERROR;
				CLANG_WARN_DOCUMENTATION_COMMENTS = YES;
				CLANG_WARN_EMPTY_BODY = YES;
				CLANG_WARN_ENUM_CONVERSION = YES;
				CLANG_WARN_INFINITE_RECURSION = YES;
				CLANG_WARN_INT_CONVERSION = YES;
				CLANG_WARN_OBJC_ROOT_CLASS = YES_ERROR;
				CLANG_WARN_SUSPICIOUS_MOVE = YES;
				CLANG_WARN_UNREACHABLE_CODE = YES;
				CLANG_WARN__DUPLICATE_METHOD_MATCH = YES;
				"CODE_SIGN_IDENTITY[sdk=iphoneos*]" = "iPhone Developer";
				COPY_PHASE_STRIP = NO;
				DEBUG_INFORMATION_FORMAT = "dwarf-with-dsym";
				ENABLE_NS_ASSERTIONS = NO;
				ENABLE_STRICT_OBJC_MSGSEND = YES;
				GCC_C_LANGUAGE_STANDARD = gnu99;
				GCC_NO_COMMON_BLOCKS = YES;
				GCC_WARN_64_TO_32_BIT_CONVERSION = YES;
				GCC_WARN_ABOUT_RETURN_TYPE = YES_ERROR;
				GCC_WARN_UNDECLARED_SELECTOR = YES;
				GCC_WARN_UNINITIALIZED_AUTOS = YES_AGGRESSIVE;
				GCC_WARN_UNUSED_FUNCTION = YES;
				GCC_WARN_UNUSED_VARIABLE = YES;
				IPHONEOS_DEPLOYMENT_TARGET = 10.3;
				MTL_ENABLE_DEBUG_INFO = NO;
				SDKROOT = iphoneos;
				VALIDATE_PRODUCT = YES;
			};
			name = Release;
		};
		DBB250451F55665400FEAEA9 /* Debug */ = {
			isa = XCBuildConfiguration;
			buildSettings = {
				ASSETCATALOG_COMPILER_APPICON_NAME = AppIcon;
				INFOPLIST_FILE = TestPopGestureSolution7/Info.plist;
				LD_RUNPATH_SEARCH_PATHS = "$(inherited) @executable_path/Frameworks";
				PRODUCT_BUNDLE_IDENTIFIER = com.zqq.love.TestPopGestureSolution7;
				PRODUCT_NAME = "$(TARGET_NAME)";
			};
			name = Debug;
		};
		DBB250461F55665400FEAEA9 /* Release */ = {
			isa = XCBuildConfiguration;
			buildSettings = {
				ASSETCATALOG_COMPILER_APPICON_NAME = AppIcon;
				INFOPLIST_FILE = TestPopGestureSolution7/Info.plist;
				LD_RUNPATH_SEARCH_PATHS = "$(inherited) @executable_path/Frameworks";
				PRODUCT_BUNDLE_IDENTIFIER = com.zqq.love.TestPopGestureSolution7;
				PRODUCT_NAME = "$(TARGET_NAME)";
			};
			name = Release;
		};
		DBB250481F55665400FEAEA9 /* Debug */ = {
			isa = XCBuildConfiguration;
			buildSettings = {
				BUNDLE_LOADER = "$(TEST_HOST)";
				INFOPLIST_FILE = TestPopGestureSolution7Tests/Info.plist;
				LD_RUNPATH_SEARCH_PATHS = "$(inherited) @executable_path/Frameworks @loader_path/Frameworks";
				PRODUCT_BUNDLE_IDENTIFIER = com.zqq.love.TestPopGestureSolution7Tests;
				PRODUCT_NAME = "$(TARGET_NAME)";
				TEST_HOST = "$(BUILT_PRODUCTS_DIR)/TestPopGestureSolution7.app/TestPopGestureSolution7";
			};
			name = Debug;
		};
		DBB250491F55665400FEAEA9 /* Release */ = {
			isa = XCBuildConfiguration;
			buildSettings = {
				BUNDLE_LOADER = "$(TEST_HOST)";
				INFOPLIST_FILE = TestPopGestureSolution7Tests/Info.plist;
				LD_RUNPATH_SEARCH_PATHS = "$(inherited) @executable_path/Frameworks @loader_path/Frameworks";
				PRODUCT_BUNDLE_IDENTIFIER = com.zqq.love.TestPopGestureSolution7Tests;
				PRODUCT_NAME = "$(TARGET_NAME)";
				TEST_HOST = "$(BUILT_PRODUCTS_DIR)/TestPopGestureSolution7.app/TestPopGestureSolution7";
			};
			name = Release;
		};
		DBB2504B1F55665400FEAEA9 /* Debug */ = {
			isa = XCBuildConfiguration;
			buildSettings = {
				INFOPLIST_FILE = TestPopGestureSolution7UITests/Info.plist;
				LD_RUNPATH_SEARCH_PATHS = "$(inherited) @executable_path/Frameworks @loader_path/Frameworks";
				PRODUCT_BUNDLE_IDENTIFIER = com.zqq.love.TestPopGestureSolution7UITests;
				PRODUCT_NAME = "$(TARGET_NAME)";
				TEST_TARGET_NAME = TestPopGestureSolution7;
			};
			name = Debug;
		};
		DBB2504C1F55665400FEAEA9 /* Release */ = {
			isa = XCBuildConfiguration;
			buildSettings = {
				INFOPLIST_FILE = TestPopGestureSolution7UITests/Info.plist;
				LD_RUNPATH_SEARCH_PATHS = "$(inherited) @executable_path/Frameworks @loader_path/Frameworks";
				PRODUCT_BUNDLE_IDENTIFIER = com.zqq.love.TestPopGestureSolution7UITests;
				PRODUCT_NAME = "$(TARGET_NAME)";
				TEST_TARGET_NAME = TestPopGestureSolution7;
			};
			name = Release;
		};
/* End XCBuildConfiguration section */

/* Begin XCConfigurationList section */
		DBB250121F55665400FEAEA9 /* Build configuration list for PBXProject "TestPopGestureSolution7" */ = {
			isa = XCConfigurationList;
			buildConfigurations = (
				DBB250421F55665400FEAEA9 /* Debug */,
				DBB250431F55665400FEAEA9 /* Release */,
			);
			defaultConfigurationIsVisible = 0;
			defaultConfigurationName = Release;
		};
		DBB250441F55665400FEAEA9 /* Build configuration list for PBXNativeTarget "TestPopGestureSolution7" */ = {
			isa = XCConfigurationList;
			buildConfigurations = (
				DBB250451F55665400FEAEA9 /* Debug */,
				DBB250461F55665400FEAEA9 /* Release */,
			);
			defaultConfigurationIsVisible = 0;
		};
		DBB250471F55665400FEAEA9 /* Build configuration list for PBXNativeTarget "TestPopGestureSolution7Tests" */ = {
			isa = XCConfigurationList;
			buildConfigurations = (
				DBB250481F55665400FEAEA9 /* Debug */,
				DBB250491F55665400FEAEA9 /* Release */,
			);
			defaultConfigurationIsVisible = 0;
		};
		DBB2504A1F55665400FEAEA9 /* Build configuration list for PBXNativeTarget "TestPopGestureSolution7UITests" */ = {
			isa = XCConfigurationList;
			buildConfigurations = (
				DBB2504B1F55665400FEAEA9 /* Debug */,
				DBB2504C1F55665400FEAEA9 /* Release */,
			);
			defaultConfigurationIsVisible = 0;
		};
/* End XCConfigurationList section */
	};
	rootObject = DBB2500F1F55665400FEAEA9 /* Project object */;
}
